
Microsoft Visual Studio Solution File, Format Version 12.00
# Visual Studio Version 17
VisualStudioVersion = 17.10.34928.147
MinimumVisualStudioVersion = 10.0.40219.1
Project("{FAE04EC0-301F-11D3-BF4B-00C04F79EFBC}") = "LINQOrderByExample", "LINQOrderByExample\LINQOrderByExample.csproj", "{AC6DAB95-0E99-4E34-90B6-B9376F15A60A}"
EndProject
Global
	GlobalSection(SolutionConfigurationPlatforms) = preSolution
		Debug|Any CPU = Debug|Any CPU
		Release|Any CPU = Release|Any CPU
	EndGlobalSection
	GlobalSection(ProjectConfigurationPlatforms) = postSolution
		{AC6DAB95-0E99-4E34-90B6-B9376F15A60A}.Debug|Any CPU.ActiveCfg = Debug|Any CPU
		{AC6DAB95-0E99-4E34-90B6-B9376F15A60A}.Debug|Any CPU.Build.0 = Debug|Any CPU
		{AC6DAB95-0E99-4E34-90B6-B9376F15A60A}.Release|Any CPU.ActiveCfg = Release|Any CPU
		{AC6DAB95-0E99-4E34-90B6-B9376F15A60A}.Release|Any CPU.Build.0 = Release|Any CPU
	EndGlobalSection
	GlobalSection(SolutionProperties) = preSolution
		HideSolutionNode = FALSE
	EndGlobalSection
	GlobalSection(ExtensibilityGlobals) = postSolution
		SolutionGuid = {7EF72CF9-ED5F-4129-AAC6-329B45DB89CB}
	EndGlobalSection
EndGlobal
