
Microsoft Visual Studio Solution File, Format Version 12.00
# Visual Studio Version 17
VisualStudioVersion = 17.10.34928.147
MinimumVisualStudioVersion = 10.0.40219.1
Project("{FAE04EC0-301F-11D3-BF4B-00C04F79EFBC}") = "LINQSingleExample", "LINQSingleExample\LINQSingleExample.csproj", "{B81AD458-90A3-4545-9497-2AF00DE22540}"
EndProject
Global
	GlobalSection(SolutionConfigurationPlatforms) = preSolution
		Debug|Any CPU = Debug|Any CPU
		Release|Any CPU = Release|Any CPU
	EndGlobalSection
	GlobalSection(ProjectConfigurationPlatforms) = postSolution
		{B81AD458-90A3-4545-9497-2AF00DE22540}.Debug|Any CPU.ActiveCfg = Debug|Any CPU
		{B81AD458-90A3-4545-9497-2AF00DE22540}.Debug|Any CPU.Build.0 = Debug|Any CPU
		{B81AD458-90A3-4545-9497-2AF00DE22540}.Release|Any CPU.ActiveCfg = Release|Any CPU
		{B81AD458-90A3-4545-9497-2AF00DE22540}.Release|Any CPU.Build.0 = Release|Any CPU
	EndGlobalSection
	GlobalSection(SolutionProperties) = preSolution
		HideSolutionNode = FALSE
	EndGlobalSection
	GlobalSection(ExtensibilityGlobals) = postSolution
		SolutionGuid = {1760767A-71AA-4FFE-8712-06ECA4314CE8}
	EndGlobalSection
EndGlobal
