
Microsoft Visual Studio Solution File, Format Version 12.00
# Visual Studio Version 17
VisualStudioVersion = 17.7.34221.43
MinimumVisualStudioVersion = 10.0.40219.1
Project("{FAE04EC0-301F-11D3-BF4B-00C04F79EFBC}") = "BankApp", "BankApp\BankApp.csproj", "{10E4B211-26FA-4723-A38B-BFF8907DDBD6}"
EndProject
Global
	GlobalSection(SolutionConfigurationPlatforms) = preSolution
		Debug|Any CPU = Debug|Any CPU
		Release|Any CPU = Release|Any CPU
	EndGlobalSection
	GlobalSection(ProjectConfigurationPlatforms) = postSolution
		{10E4B211-26FA-4723-A38B-BFF8907DDBD6}.Debug|Any CPU.ActiveCfg = Debug|Any CPU
		{10E4B211-26FA-4723-A38B-BFF8907DDBD6}.Debug|Any CPU.Build.0 = Debug|Any CPU
		{10E4B211-26FA-4723-A38B-BFF8907DDBD6}.Release|Any CPU.ActiveCfg = Release|Any CPU
		{10E4B211-26FA-4723-A38B-BFF8907DDBD6}.Release|Any CPU.Build.0 = Release|Any CPU
	EndGlobalSection
	GlobalSection(SolutionProperties) = preSolution
		HideSolutionNode = FALSE
	EndGlobalSection
	GlobalSection(ExtensibilityGlobals) = postSolution
		SolutionGuid = {0780C60C-45A1-4E76-9A91-98AFC9ADFC23}
	EndGlobalSection
EndGlobal
