
Microsoft Visual Studio Solution File, Format Version 12.00
# Visual Studio Version 17
VisualStudioVersion = 17.10.34928.147
MinimumVisualStudioVersion = 10.0.40219.1
Project("{FAE04EC0-301F-11D3-BF4B-00C04F79EFBC}") = "LINQGroupMethodsExample", "LINQGroupMethodsExample\LINQGroupMethodsExample.csproj", "{A169C5B2-67C5-4FBD-9A20-F1351ED9CD49}"
EndProject
Global
	GlobalSection(SolutionConfigurationPlatforms) = preSolution
		Debug|Any CPU = Debug|Any CPU
		Release|Any CPU = Release|Any CPU
	EndGlobalSection
	GlobalSection(ProjectConfigurationPlatforms) = postSolution
		{A169C5B2-67C5-4FBD-9A20-F1351ED9CD49}.Debug|Any CPU.ActiveCfg = Debug|Any CPU
		{A169C5B2-67C5-4FBD-9A20-F1351ED9CD49}.Debug|Any CPU.Build.0 = Debug|Any CPU
		{A169C5B2-67C5-4FBD-9A20-F1351ED9CD49}.Release|Any CPU.ActiveCfg = Release|Any CPU
		{A169C5B2-67C5-4FBD-9A20-F1351ED9CD49}.Release|Any CPU.Build.0 = Release|Any CPU
	EndGlobalSection
	GlobalSection(SolutionProperties) = preSolution
		HideSolutionNode = FALSE
	EndGlobalSection
	GlobalSection(ExtensibilityGlobals) = postSolution
		SolutionGuid = {4828E91A-F578-4752-9465-CE86446698E7}
	EndGlobalSection
EndGlobal
