
Microsoft Visual Studio Solution File, Format Version 12.00
# Visual Studio Version 17
VisualStudioVersion = 17.7.34221.43
MinimumVisualStudioVersion = 10.0.40219.1
Project("{FAE04EC0-301F-11D3-BF4B-00C04F79EFBC}") = "ConfigurationExample", "ConfigurationExample\ConfigurationExample.csproj", "{CED81CE4-F6F5-4A60-8C72-A93A5A72CA6F}"
EndProject
Global
	GlobalSection(SolutionConfigurationPlatforms) = preSolution
		Debug|Any CPU = Debug|Any CPU
		Release|Any CPU = Release|Any CPU
	EndGlobalSection
	GlobalSection(ProjectConfigurationPlatforms) = postSolution
		{CED81CE4-F6F5-4A60-8C72-A93A5A72CA6F}.Debug|Any CPU.ActiveCfg = Debug|Any CPU
		{CED81CE4-F6F5-4A60-8C72-A93A5A72CA6F}.Debug|Any CPU.Build.0 = Debug|Any CPU
		{CED81CE4-F6F5-4A60-8C72-A93A5A72CA6F}.Release|Any CPU.ActiveCfg = Release|Any CPU
		{CED81CE4-F6F5-4A60-8C72-A93A5A72CA6F}.Release|Any CPU.Build.0 = Release|Any CPU
	EndGlobalSection
	GlobalSection(SolutionProperties) = preSolution
		HideSolutionNode = FALSE
	EndGlobalSection
	GlobalSection(ExtensibilityGlobals) = postSolution
		SolutionGuid = {BEBF573A-DBFA-4332-A649-3CD7E0C052DF}
	EndGlobalSection
EndGlobal
