
Microsoft Visual Studio Solution File, Format Version 12.00
# Visual Studio Version 17
VisualStudioVersion = 17.7.34221.43
MinimumVisualStudioVersion = 10.0.40219.1
Project("{FAE04EC0-301F-11D3-BF4B-00C04F79EFBC}") = "Orders.WebAPI", "Orders.WebAPI\Orders.WebAPI.csproj", "{3A1DFB48-BA3F-48BA-9DE3-F873F64C3FE3}"
EndProject
Global
	GlobalSection(SolutionConfigurationPlatforms) = preSolution
		Debug|Any CPU = Debug|Any CPU
		Release|Any CPU = Release|Any CPU
	EndGlobalSection
	GlobalSection(ProjectConfigurationPlatforms) = postSolution
		{3A1DFB48-BA3F-48BA-9DE3-F873F64C3FE3}.Debug|Any CPU.ActiveCfg = Debug|Any CPU
		{3A1DFB48-BA3F-48BA-9DE3-F873F64C3FE3}.Debug|Any CPU.Build.0 = Debug|Any CPU
		{3A1DFB48-BA3F-48BA-9DE3-F873F64C3FE3}.Release|Any CPU.ActiveCfg = Release|Any CPU
		{3A1DFB48-BA3F-48BA-9DE3-F873F64C3FE3}.Release|Any CPU.Build.0 = Release|Any CPU
	EndGlobalSection
	GlobalSection(SolutionProperties) = preSolution
		HideSolutionNode = FALSE
	EndGlobalSection
	GlobalSection(ExtensibilityGlobals) = postSolution
		SolutionGuid = {40468ED9-75E1-4503-BF52-F3657EF0EB19}
	EndGlobalSection
EndGlobal
