
Microsoft Visual Studio Solution File, Format Version 12.00
# Visual Studio Version 17
VisualStudioVersion = 17.7.34221.43
MinimumVisualStudioVersion = 10.0.40219.1
Project("{FAE04EC0-301F-11D3-BF4B-00C04F79EFBC}") = "PartialViewsExample", "PartialViewsExample\PartialViewsExample.csproj", "{071D41DC-CD13-4B9E-9C53-9E146123204E}"
EndProject
Global
	GlobalSection(SolutionConfigurationPlatforms) = preSolution
		Debug|Any CPU = Debug|Any CPU
		Release|Any CPU = Release|Any CPU
	EndGlobalSection
	GlobalSection(ProjectConfigurationPlatforms) = postSolution
		{071D41DC-CD13-4B9E-9C53-9E146123204E}.Debug|Any CPU.ActiveCfg = Debug|Any CPU
		{071D41DC-CD13-4B9E-9C53-9E146123204E}.Debug|Any CPU.Build.0 = Debug|Any CPU
		{071D41DC-CD13-4B9E-9C53-9E146123204E}.Release|Any CPU.ActiveCfg = Release|Any CPU
		{071D41DC-CD13-4B9E-9C53-9E146123204E}.Release|Any CPU.Build.0 = Release|Any CPU
	EndGlobalSection
	GlobalSection(SolutionProperties) = preSolution
		HideSolutionNode = FALSE
	EndGlobalSection
	GlobalSection(ExtensibilityGlobals) = postSolution
		SolutionGuid = {52C6F4F5-C3BC-495D-8D8B-E04E813E48B4}
	EndGlobalSection
EndGlobal
