
Microsoft Visual Studio Solution File, Format Version 12.00
# Visual Studio Version 17
VisualStudioVersion = 17.10.34928.147
MinimumVisualStudioVersion = 10.0.40219.1
Project("{FAE04EC0-301F-11D3-BF4B-00C04F79EFBC}") = "OneToManyExample", "OneToManyExample\OneToManyExample.csproj", "{B4CB56B4-B248-4F54-985D-48696B97A325}"
EndProject
Project("{FAE04EC0-301F-11D3-BF4B-00C04F79EFBC}") = "ClassLibrary1", "ClassLibrary1\ClassLibrary1.csproj", "{A341F2CE-62C0-45B7-9077-EB706AD6C0E4}"
EndProject
Global
	GlobalSection(SolutionConfigurationPlatforms) = preSolution
		Debug|Any CPU = Debug|Any CPU
		Release|Any CPU = Release|Any CPU
	EndGlobalSection
	GlobalSection(ProjectConfigurationPlatforms) = postSolution
		{B4CB56B4-B248-4F54-985D-48696B97A325}.Debug|Any CPU.ActiveCfg = Debug|Any CPU
		{B4CB56B4-B248-4F54-985D-48696B97A325}.Debug|Any CPU.Build.0 = Debug|Any CPU
		{B4CB56B4-B248-4F54-985D-48696B97A325}.Release|Any CPU.ActiveCfg = Release|Any CPU
		{B4CB56B4-B248-4F54-985D-48696B97A325}.Release|Any CPU.Build.0 = Release|Any CPU
		{A341F2CE-62C0-45B7-9077-EB706AD6C0E4}.Debug|Any CPU.ActiveCfg = Debug|Any CPU
		{A341F2CE-62C0-45B7-9077-EB706AD6C0E4}.Debug|Any CPU.Build.0 = Debug|Any CPU
		{A341F2CE-62C0-45B7-9077-EB706AD6C0E4}.Release|Any CPU.ActiveCfg = Release|Any CPU
		{A341F2CE-62C0-45B7-9077-EB706AD6C0E4}.Release|Any CPU.Build.0 = Release|Any CPU
	EndGlobalSection
	GlobalSection(SolutionProperties) = preSolution
		HideSolutionNode = FALSE
	EndGlobalSection
	GlobalSection(ExtensibilityGlobals) = postSolution
		SolutionGuid = {55BAF6BF-4B35-4AE9-9DFC-C1C28162114E}
	EndGlobalSection
EndGlobal
