
Microsoft Visual Studio Solution File, Format Version 12.00
# Visual Studio Version 17
VisualStudioVersion = 17.7.34221.43
MinimumVisualStudioVersion = 10.0.40219.1
Project("{FAE04EC0-301F-11D3-BF4B-00C04F79EFBC}") = "StocksAppAssignment", "StocksAppAssignment\StocksAppAssignment.csproj", "{6B0D8931-7970-43FE-AF19-85ED33707ABB}"
EndProject
Project("{FAE04EC0-301F-11D3-BF4B-00C04F79EFBC}") = "ServiceContracts", "ServiceContracts\ServiceContracts.csproj", "{06733E0B-6774-410D-963E-2E6734744F5F}"
EndProject
Project("{FAE04EC0-301F-11D3-BF4B-00C04F79EFBC}") = "Services", "Services\Services.csproj", "{DEE2A99C-A501-4A50-9556-03EEB4CFBD1B}"
EndProject
Global
	GlobalSection(SolutionConfigurationPlatforms) = preSolution
		Debug|Any CPU = Debug|Any CPU
		Release|Any CPU = Release|Any CPU
	EndGlobalSection
	GlobalSection(ProjectConfigurationPlatforms) = postSolution
		{6B0D8931-7970-43FE-AF19-85ED33707ABB}.Debug|Any CPU.ActiveCfg = Debug|Any CPU
		{6B0D8931-7970-43FE-AF19-85ED33707ABB}.Debug|Any CPU.Build.0 = Debug|Any CPU
		{6B0D8931-7970-43FE-AF19-85ED33707ABB}.Release|Any CPU.ActiveCfg = Release|Any CPU
		{6B0D8931-7970-43FE-AF19-85ED33707ABB}.Release|Any CPU.Build.0 = Release|Any CPU
		{06733E0B-6774-410D-963E-2E6734744F5F}.Debug|Any CPU.ActiveCfg = Debug|Any CPU
		{06733E0B-6774-410D-963E-2E6734744F5F}.Debug|Any CPU.Build.0 = Debug|Any CPU
		{06733E0B-6774-410D-963E-2E6734744F5F}.Release|Any CPU.ActiveCfg = Release|Any CPU
		{06733E0B-6774-410D-963E-2E6734744F5F}.Release|Any CPU.Build.0 = Release|Any CPU
		{DEE2A99C-A501-4A50-9556-03EEB4CFBD1B}.Debug|Any CPU.ActiveCfg = Debug|Any CPU
		{DEE2A99C-A501-4A50-9556-03EEB4CFBD1B}.Debug|Any CPU.Build.0 = Debug|Any CPU
		{DEE2A99C-A501-4A50-9556-03EEB4CFBD1B}.Release|Any CPU.ActiveCfg = Release|Any CPU
		{DEE2A99C-A501-4A50-9556-03EEB4CFBD1B}.Release|Any CPU.Build.0 = Release|Any CPU
	EndGlobalSection
	GlobalSection(SolutionProperties) = preSolution
		HideSolutionNode = FALSE
	EndGlobalSection
	GlobalSection(ExtensibilityGlobals) = postSolution
		SolutionGuid = {AB248157-E403-46AE-A04F-4E1CF76DC9AA}
	EndGlobalSection
EndGlobal
