
Microsoft Visual Studio Solution File, Format Version 12.00
# Visual Studio Version 17
VisualStudioVersion = 17.7.34221.43
MinimumVisualStudioVersion = 10.0.40219.1
Project("{9A19103F-16F7-4668-BE54-9A1E7A4F7556}") = "StocksApp", "StocksApp\StocksApp.csproj", "{B249C5CD-93E0-442B-82A5-816D01D1E955}"
EndProject
Project("{9A19103F-16F7-4668-BE54-9A1E7A4F7556}") = "Entities", "Entities\Entities.csproj", "{2701ED91-0AAD-4BD3-8991-A715CF4722E5}"
EndProject
Project("{9A19103F-16F7-4668-BE54-9A1E7A4F7556}") = "ServiceContracts", "ServiceContracts\ServiceContracts.csproj", "{63C2489A-83A3-4F38-BC57-01CA3373EF70}"
EndProject
Project("{9A19103F-16F7-4668-BE54-9A1E7A4F7556}") = "Services", "Services\Services.csproj", "{22BBAC3C-4C31-4B45-B8DD-A37047F75969}"
EndProject
Project("{9A19103F-16F7-4668-BE54-9A1E7A4F7556}") = "UnitTests", "UnitTests\UnitTests.csproj", "{6FC26B4E-CA4A-4D61-8481-43AA874898F1}"
EndProject
Global
	GlobalSection(SolutionConfigurationPlatforms) = preSolution
		Debug|Any CPU = Debug|Any CPU
		Release|Any CPU = Release|Any CPU
	EndGlobalSection
	GlobalSection(ProjectConfigurationPlatforms) = postSolution
		{B249C5CD-93E0-442B-82A5-816D01D1E955}.Debug|Any CPU.ActiveCfg = Debug|Any CPU
		{B249C5CD-93E0-442B-82A5-816D01D1E955}.Debug|Any CPU.Build.0 = Debug|Any CPU
		{B249C5CD-93E0-442B-82A5-816D01D1E955}.Release|Any CPU.ActiveCfg = Release|Any CPU
		{B249C5CD-93E0-442B-82A5-816D01D1E955}.Release|Any CPU.Build.0 = Release|Any CPU
		{2701ED91-0AAD-4BD3-8991-A715CF4722E5}.Debug|Any CPU.ActiveCfg = Debug|Any CPU
		{2701ED91-0AAD-4BD3-8991-A715CF4722E5}.Debug|Any CPU.Build.0 = Debug|Any CPU
		{2701ED91-0AAD-4BD3-8991-A715CF4722E5}.Release|Any CPU.ActiveCfg = Release|Any CPU
		{2701ED91-0AAD-4BD3-8991-A715CF4722E5}.Release|Any CPU.Build.0 = Release|Any CPU
		{63C2489A-83A3-4F38-BC57-01CA3373EF70}.Debug|Any CPU.ActiveCfg = Debug|Any CPU
		{63C2489A-83A3-4F38-BC57-01CA3373EF70}.Debug|Any CPU.Build.0 = Debug|Any CPU
		{63C2489A-83A3-4F38-BC57-01CA3373EF70}.Release|Any CPU.ActiveCfg = Release|Any CPU
		{63C2489A-83A3-4F38-BC57-01CA3373EF70}.Release|Any CPU.Build.0 = Release|Any CPU
		{22BBAC3C-4C31-4B45-B8DD-A37047F75969}.Debug|Any CPU.ActiveCfg = Debug|Any CPU
		{22BBAC3C-4C31-4B45-B8DD-A37047F75969}.Debug|Any CPU.Build.0 = Debug|Any CPU
		{22BBAC3C-4C31-4B45-B8DD-A37047F75969}.Release|Any CPU.ActiveCfg = Release|Any CPU
		{22BBAC3C-4C31-4B45-B8DD-A37047F75969}.Release|Any CPU.Build.0 = Release|Any CPU
		{6FC26B4E-CA4A-4D61-8481-43AA874898F1}.Debug|Any CPU.ActiveCfg = Debug|Any CPU
		{6FC26B4E-CA4A-4D61-8481-43AA874898F1}.Debug|Any CPU.Build.0 = Debug|Any CPU
		{6FC26B4E-CA4A-4D61-8481-43AA874898F1}.Release|Any CPU.ActiveCfg = Release|Any CPU
		{6FC26B4E-CA4A-4D61-8481-43AA874898F1}.Release|Any CPU.Build.0 = Release|Any CPU
	EndGlobalSection
	GlobalSection(SolutionProperties) = preSolution
		HideSolutionNode = FALSE
	EndGlobalSection
	GlobalSection(ExtensibilityGlobals) = postSolution
		SolutionGuid = {548EDFD0-EDAD-436A-9AFA-C4B03DEA3842}
	EndGlobalSection
EndGlobal
